{
  "object": {
    "pins": [
      {
        "package": "Sentry",
        "repositoryURL": "https://github.com/getsentry/sentry-cocoa.git",
        "state": {
          "branch": null,
          "revision": "bb3c1d852980432907cd314e4fa984fc9a78c9f3",
          "version": "4.4.3"
        }
      },
      {
        "package": "URLImage",
        "repositoryURL": "https://github.com/dmytro-anokhin/url-image",
        "state": {
          "branch": null,
          "revision": "5d3a5dc84f9bdf948d8b136f7a1b0099af68f114",
          "version": "0.9.9"
        }
      }
    ]
  },
  "version": 1
}
