// !$*UTF8*$!
{
	archiveVersion = 1;
	classes = {
	};
	objectVersion = 52;
	objects = {

/* Begin PBXBuildFile section */
		C92F052223AC634600F298DF /* RecentlyAddedResponse.swift in Sources */ = {isa = PBXBuildFile; fileRef = C92F051D23AC634600F298DF /* RecentlyAddedResponse.swift */; };
		C95B286A23AB26560040380B /* AppDelegate.swift in Sources */ = {isa = PBXBuildFile; fileRef = C95B286923AB26560040380B /* AppDelegate.swift */; };
		C95B286C23AB26560040380B /* SceneDelegate.swift in Sources */ = {isa = PBXBuildFile; fileRef = C95B286B23AB26560040380B /* SceneDelegate.swift */; };
		C95B286E23AB26560040380B /* ContentView.swift in Sources */ = {isa = PBXBuildFile; fileRef = C95B286D23AB26560040380B /* ContentView.swift */; };
		C95B287023AB26560040380B /* Assets.xcassets in Resources */ = {isa = PBXBuildFile; fileRef = C95B286F23AB26560040380B /* Assets.xcassets */; };
		C95B287323AB26560040380B /* Preview Assets.xcassets in Resources */ = {isa = PBXBuildFile; fileRef = C95B287223AB26560040380B /* Preview Assets.xcassets */; };
		C95B287623AB26560040380B /* LaunchScreen.storyboard in Resources */ = {isa = PBXBuildFile; fileRef = C95B287423AB26560040380B /* LaunchScreen.storyboard */; };
		C95B288123AB26560040380B /* SymmetricalGuacamoleTests.swift in Sources */ = {isa = PBXBuildFile; fileRef = C95B288023AB26560040380B /* SymmetricalGuacamoleTests.swift */; };
		C95B288C23AB26560040380B /* SymmetricalGuacamoleUITests.swift in Sources */ = {isa = PBXBuildFile; fileRef = C95B288B23AB26560040380B /* SymmetricalGuacamoleUITests.swift */; };
		C9E7DC2423AD1FF600101D16 /* SDWebImageSwiftUI in Frameworks */ = {isa = PBXBuildFile; productRef = C9E7DC2323AD1FF600101D16 /* SDWebImageSwiftUI */; };
		C9E7DC2723AD24BB00101D16 /* WaterfallGrid in Frameworks */ = {isa = PBXBuildFile; productRef = C9E7DC2623AD24BB00101D16 /* WaterfallGrid */; };
		C9F1D85B23ABF7630031EA5B /* NetworkManager.swift in Sources */ = {isa = PBXBuildFile; fileRef = C9F1D85A23ABF7630031EA5B /* NetworkManager.swift */; };
/* End PBXBuildFile section */

/* Begin PBXContainerItemProxy section */
		C95B287D23AB26560040380B /* PBXContainerItemProxy */ = {
			isa = PBXContainerItemProxy;
			containerPortal = C95B285E23AB26560040380B /* Project object */;
			proxyType = 1;
			remoteGlobalIDString = C95B286523AB26560040380B;
			remoteInfo = SymmetricalGuacamole;
		};
		C95B288823AB26560040380B /* PBXContainerItemProxy */ = {
			isa = PBXContainerItemProxy;
			containerPortal = C95B285E23AB26560040380B /* Project object */;
			proxyType = 1;
			remoteGlobalIDString = C95B286523AB26560040380B;
			remoteInfo = SymmetricalGuacamole;
		};
/* End PBXContainerItemProxy section */

/* Begin PBXCopyFilesBuildPhase section */
		C92F053523AC811800F298DF /* Embed Frameworks */ = {
			isa = PBXCopyFilesBuildPhase;
			buildActionMask = 2147483647;
			dstPath = "";
			dstSubfolderSpec = 10;
			files = (
			);
			name = "Embed Frameworks";
			runOnlyForDeploymentPostprocessing = 0;
		};
/* End PBXCopyFilesBuildPhase section */

/* Begin PBXFileReference section */
		C92F051D23AC634600F298DF /* RecentlyAddedResponse.swift */ = {isa = PBXFileReference; fileEncoding = 4; lastKnownFileType = sourcecode.swift; path = RecentlyAddedResponse.swift; sourceTree = "<group>"; };
		C95B286623AB26560040380B /* Guacamole.app */ = {isa = PBXFileReference; explicitFileType = wrapper.application; includeInIndex = 0; path = Guacamole.app; sourceTree = BUILT_PRODUCTS_DIR; };
		C95B286923AB26560040380B /* AppDelegate.swift */ = {isa = PBXFileReference; lastKnownFileType = sourcecode.swift; path = AppDelegate.swift; sourceTree = "<group>"; };
		C95B286B23AB26560040380B /* SceneDelegate.swift */ = {isa = PBXFileReference; lastKnownFileType = sourcecode.swift; path = SceneDelegate.swift; sourceTree = "<group>"; };
		C95B286D23AB26560040380B /* ContentView.swift */ = {isa = PBXFileReference; lastKnownFileType = sourcecode.swift; path = ContentView.swift; sourceTree = "<group>"; };
		C95B286F23AB26560040380B /* Assets.xcassets */ = {isa = PBXFileReference; lastKnownFileType = folder.assetcatalog; path = Assets.xcassets; sourceTree = "<group>"; };
		C95B287223AB26560040380B /* Preview Assets.xcassets */ = {isa = PBXFileReference; lastKnownFileType = folder.assetcatalog; path = "Preview Assets.xcassets"; sourceTree = "<group>"; };
		C95B287523AB26560040380B /* Base */ = {isa = PBXFileReference; lastKnownFileType = file.storyboard; name = Base; path = Base.lproj/LaunchScreen.storyboard; sourceTree = "<group>"; };
		C95B287723AB26560040380B /* Info.plist */ = {isa = PBXFileReference; lastKnownFileType = text.plist.xml; path = Info.plist; sourceTree = "<group>"; };
		C95B287C23AB26560040380B /* SymmetricalGuacamoleTests.xctest */ = {isa = PBXFileReference; explicitFileType = wrapper.cfbundle; includeInIndex = 0; path = SymmetricalGuacamoleTests.xctest; sourceTree = BUILT_PRODUCTS_DIR; };
		C95B288023AB26560040380B /* SymmetricalGuacamoleTests.swift */ = {isa = PBXFileReference; lastKnownFileType = sourcecode.swift; path = SymmetricalGuacamoleTests.swift; sourceTree = "<group>"; };
		C95B288223AB26560040380B /* Info.plist */ = {isa = PBXFileReference; lastKnownFileType = text.plist.xml; path = Info.plist; sourceTree = "<group>"; };
		C95B288723AB26560040380B /* SymmetricalGuacamoleUITests.xctest */ = {isa = PBXFileReference; explicitFileType = wrapper.cfbundle; includeInIndex = 0; path = SymmetricalGuacamoleUITests.xctest; sourceTree = BUILT_PRODUCTS_DIR; };
		C95B288B23AB26560040380B /* SymmetricalGuacamoleUITests.swift */ = {isa = PBXFileReference; lastKnownFileType = sourcecode.swift; path = SymmetricalGuacamoleUITests.swift; sourceTree = "<group>"; };
		C95B288D23AB26560040380B /* Info.plist */ = {isa = PBXFileReference; lastKnownFileType = text.plist.xml; path = Info.plist; sourceTree = "<group>"; };
		C9F1D85A23ABF7630031EA5B /* NetworkManager.swift */ = {isa = PBXFileReference; lastKnownFileType = sourcecode.swift; path = NetworkManager.swift; sourceTree = "<group>"; };
/* End PBXFileReference section */

/* Begin PBXFrameworksBuildPhase section */
		C95B286323AB26560040380B /* Frameworks */ = {
			isa = PBXFrameworksBuildPhase;
			buildActionMask = 2147483647;
			files = (
				C9E7DC2423AD1FF600101D16 /* SDWebImageSwiftUI in Frameworks */,
				C9E7DC2723AD24BB00101D16 /* WaterfallGrid in Frameworks */,
			);
			runOnlyForDeploymentPostprocessing = 0;
		};
		C95B287923AB26560040380B /* Frameworks */ = {
			isa = PBXFrameworksBuildPhase;
			buildActionMask = 2147483647;
			files = (
			);
			runOnlyForDeploymentPostprocessing = 0;
		};
		C95B288423AB26560040380B /* Frameworks */ = {
			isa = PBXFrameworksBuildPhase;
			buildActionMask = 2147483647;
			files = (
			);
			runOnlyForDeploymentPostprocessing = 0;
		};
/* End PBXFrameworksBuildPhase section */

/* Begin PBXGroup section */
		C92F051623AC592500F298DF /* Model */ = {
			isa = PBXGroup;
			children = (
				C92F051D23AC634600F298DF /* RecentlyAddedResponse.swift */,
			);
			path = Model;
			sourceTree = "<group>";
		};
		C95B285D23AB26560040380B = {
			isa = PBXGroup;
			children = (
				C95B286823AB26560040380B /* SymmetricalGuacamole */,
				C95B287F23AB26560040380B /* SymmetricalGuacamoleTests */,
				C95B288A23AB26560040380B /* SymmetricalGuacamoleUITests */,
				C95B286723AB26560040380B /* Products */,
			);
			sourceTree = "<group>";
		};
		C95B286723AB26560040380B /* Products */ = {
			isa = PBXGroup;
			children = (
				C95B286623AB26560040380B /* Guacamole.app */,
				C95B287C23AB26560040380B /* SymmetricalGuacamoleTests.xctest */,
				C95B288723AB26560040380B /* SymmetricalGuacamoleUITests.xctest */,
			);
			name = Products;
			sourceTree = "<group>";
		};
		C95B286823AB26560040380B /* SymmetricalGuacamole */ = {
			isa = PBXGroup;
			children = (
				C92F051623AC592500F298DF /* Model */,
				C9F1D85923ABF7570031EA5B /* Services */,
				C95B286923AB26560040380B /* AppDelegate.swift */,
				C95B286B23AB26560040380B /* SceneDelegate.swift */,
				C95B286D23AB26560040380B /* ContentView.swift */,
				C95B286F23AB26560040380B /* Assets.xcassets */,
				C95B287423AB26560040380B /* LaunchScreen.storyboard */,
				C95B287723AB26560040380B /* Info.plist */,
				C95B287123AB26560040380B /* Preview Content */,
			);
			path = SymmetricalGuacamole;
			sourceTree = "<group>";
		};
		C95B287123AB26560040380B /* Preview Content */ = {
			isa = PBXGroup;
			children = (
				C95B287223AB26560040380B /* Preview Assets.xcassets */,
			);
			path = "Preview Content";
			sourceTree = "<group>";
		};
		C95B287F23AB26560040380B /* SymmetricalGuacamoleTests */ = {
			isa = PBXGroup;
			children = (
				C95B288023AB26560040380B /* SymmetricalGuacamoleTests.swift */,
				C95B288223AB26560040380B /* Info.plist */,
			);
			path = SymmetricalGuacamoleTests;
			sourceTree = "<group>";
		};
		C95B288A23AB26560040380B /* SymmetricalGuacamoleUITests */ = {
			isa = PBXGroup;
			children = (
				C95B288B23AB26560040380B /* SymmetricalGuacamoleUITests.swift */,
				C95B288D23AB26560040380B /* Info.plist */,
			);
			path = SymmetricalGuacamoleUITests;
			sourceTree = "<group>";
		};
		C9F1D85923ABF7570031EA5B /* Services */ = {
			isa = PBXGroup;
			children = (
				C9F1D85A23ABF7630031EA5B /* NetworkManager.swift */,
			);
			path = Services;
			sourceTree = "<group>";
		};
/* End PBXGroup section */

/* Begin PBXNativeTarget section */
		C95B286523AB26560040380B /* SymmetricalGuacamole */ = {
			isa = PBXNativeTarget;
			buildConfigurationList = C95B289023AB26560040380B /* Build configuration list for PBXNativeTarget "SymmetricalGuacamole" */;
			buildPhases = (
				C95B286223AB26560040380B /* Sources */,
				C95B286323AB26560040380B /* Frameworks */,
				C95B286423AB26560040380B /* Resources */,
				C92F053523AC811800F298DF /* Embed Frameworks */,
			);
			buildRules = (
			);
			dependencies = (
			);
			name = SymmetricalGuacamole;
			packageProductDependencies = (
				C9E7DC2323AD1FF600101D16 /* SDWebImageSwiftUI */,
				C9E7DC2623AD24BB00101D16 /* WaterfallGrid */,
			);
			productName = SymmetricalGuacamole;
			productReference = C95B286623AB26560040380B /* Guacamole.app */;
			productType = "com.apple.product-type.application";
		};
		C95B287B23AB26560040380B /* SymmetricalGuacamoleTests */ = {
			isa = PBXNativeTarget;
			buildConfigurationList = C95B289323AB26560040380B /* Build configuration list for PBXNativeTarget "SymmetricalGuacamoleTests" */;
			buildPhases = (
				C95B287823AB26560040380B /* Sources */,
				C95B287923AB26560040380B /* Frameworks */,
				C95B287A23AB26560040380B /* Resources */,
			);
			buildRules = (
			);
			dependencies = (
				C95B287E23AB26560040380B /* PBXTargetDependency */,
			);
			name = SymmetricalGuacamoleTests;
			productName = SymmetricalGuacamoleTests;
			productReference = C95B287C23AB26560040380B /* SymmetricalGuacamoleTests.xctest */;
			productType = "com.apple.product-type.bundle.unit-test";
		};
		C95B288623AB26560040380B /* SymmetricalGuacamoleUITests */ = {
			isa = PBXNativeTarget;
			buildConfigurationList = C95B289623AB26560040380B /* Build configuration list for PBXNativeTarget "SymmetricalGuacamoleUITests" */;
			buildPhases = (
				C95B288323AB26560040380B /* Sources */,
				C95B288423AB26560040380B /* Frameworks */,
				C95B288523AB26560040380B /* Resources */,
			);
			buildRules = (
			);
			dependencies = (
				C95B288923AB26560040380B /* PBXTargetDependency */,
			);
			name = SymmetricalGuacamoleUITests;
			productName = SymmetricalGuacamoleUITests;
			productReference = C95B288723AB26560040380B /* SymmetricalGuacamoleUITests.xctest */;
			productType = "com.apple.product-type.bundle.ui-testing";
		};
/* End PBXNativeTarget section */

/* Begin PBXProject section */
		C95B285E23AB26560040380B /* Project object */ = {
			isa = PBXProject;
			attributes = {
				LastSwiftUpdateCheck = 1130;
				LastUpgradeCheck = 1130;
				ORGANIZATIONNAME = "Logan McAnsh";
				TargetAttributes = {
					C95B286523AB26560040380B = {
						CreatedOnToolsVersion = 11.3;
					};
					C95B287B23AB26560040380B = {
						CreatedOnToolsVersion = 11.3;
						TestTargetID = C95B286523AB26560040380B;
					};
					C95B288623AB26560040380B = {
						CreatedOnToolsVersion = 11.3;
						TestTargetID = C95B286523AB26560040380B;
					};
				};
			};
			buildConfigurationList = C95B286123AB26560040380B /* Build configuration list for PBXProject "SymmetricalGuacamole" */;
			compatibilityVersion = "Xcode 9.3";
			developmentRegion = en;
			hasScannedForEncodings = 0;
			knownRegions = (
				en,
				Base,
			);
			mainGroup = C95B285D23AB26560040380B;
			packageReferences = (
				C9E7DC2223AD1FF600101D16 /* XCRemoteSwiftPackageReference "SDWebImageSwiftUI" */,
				C9E7DC2523AD24BB00101D16 /* XCRemoteSwiftPackageReference "WaterfallGrid" */,
			);
			productRefGroup = C95B286723AB26560040380B /* Products */;
			projectDirPath = "";
			projectRoot = "";
			targets = (
				C95B286523AB26560040380B /* SymmetricalGuacamole */,
				C95B287B23AB26560040380B /* SymmetricalGuacamoleTests */,
				C95B288623AB26560040380B /* SymmetricalGuacamoleUITests */,
			);
		};
/* End PBXProject section */

/* Begin PBXResourcesBuildPhase section */
		C95B286423AB26560040380B /* Resources */ = {
			isa = PBXResourcesBuildPhase;
			buildActionMask = 2147483647;
			files = (
				C95B287623AB26560040380B /* LaunchScreen.storyboard in Resources */,
				C95B287323AB26560040380B /* Preview Assets.xcassets in Resources */,
				C95B287023AB26560040380B /* Assets.xcassets in Resources */,
			);
			runOnlyForDeploymentPostprocessing = 0;
		};
		C95B287A23AB26560040380B /* Resources */ = {
			isa = PBXResourcesBuildPhase;
			buildActionMask = 2147483647;
			files = (
			);
			runOnlyForDeploymentPostprocessing = 0;
		};
		C95B288523AB26560040380B /* Resources */ = {
			isa = PBXResourcesBuildPhase;
			buildActionMask = 2147483647;
			files = (
			);
			runOnlyForDeploymentPostprocessing = 0;
		};
/* End PBXResourcesBuildPhase section */

/* Begin PBXSourcesBuildPhase section */
		C95B286223AB26560040380B /* Sources */ = {
			isa = PBXSourcesBuildPhase;
			buildActionMask = 2147483647;
			files = (
				C95B286A23AB26560040380B /* AppDelegate.swift in Sources */,
				C95B286C23AB26560040380B /* SceneDelegate.swift in Sources */,
				C9F1D85B23ABF7630031EA5B /* NetworkManager.swift in Sources */,
				C92F052223AC634600F298DF /* RecentlyAddedResponse.swift in Sources */,
				C95B286E23AB26560040380B /* ContentView.swift in Sources */,
			);
			runOnlyForDeploymentPostprocessing = 0;
		};
		C95B287823AB26560040380B /* Sources */ = {
			isa = PBXSourcesBuildPhase;
			buildActionMask = 2147483647;
			files = (
				C95B288123AB26560040380B /* SymmetricalGuacamoleTests.swift in Sources */,
			);
			runOnlyForDeploymentPostprocessing = 0;
		};
		C95B288323AB26560040380B /* Sources */ = {
			isa = PBXSourcesBuildPhase;
			buildActionMask = 2147483647;
			files = (
				C95B288C23AB26560040380B /* SymmetricalGuacamoleUITests.swift in Sources */,
			);
			runOnlyForDeploymentPostprocessing = 0;
		};
/* End PBXSourcesBuildPhase section */

/* Begin PBXTargetDependency section */
		C95B287E23AB26560040380B /* PBXTargetDependency */ = {
			isa = PBXTargetDependency;
			target = C95B286523AB26560040380B /* SymmetricalGuacamole */;
			targetProxy = C95B287D23AB26560040380B /* PBXContainerItemProxy */;
		};
		C95B288923AB26560040380B /* PBXTargetDependency */ = {
			isa = PBXTargetDependency;
			target = C95B286523AB26560040380B /* SymmetricalGuacamole */;
			targetProxy = C95B288823AB26560040380B /* PBXContainerItemProxy */;
		};
/* End PBXTargetDependency section */

/* Begin PBXVariantGroup section */
		C95B287423AB26560040380B /* LaunchScreen.storyboard */ = {
			isa = PBXVariantGroup;
			children = (
				C95B287523AB26560040380B /* Base */,
			);
			name = LaunchScreen.storyboard;
			sourceTree = "<group>";
		};
/* End PBXVariantGroup section */

/* Begin XCBuildConfiguration section */
		C95B288E23AB26560040380B /* Debug */ = {
			isa = XCBuildConfiguration;
			buildSettings = {
				ALWAYS_SEARCH_USER_PATHS = NO;
				CLANG_ANALYZER_NONNULL = YES;
				CLANG_ANALYZER_NUMBER_OBJECT_CONVERSION = YES_AGGRESSIVE;
				CLANG_CXX_LANGUAGE_STANDARD = "gnu++14";
				CLANG_CXX_LIBRARY = "libc++";
				CLANG_ENABLE_MODULES = YES;
				CLANG_ENABLE_OBJC_ARC = YES;
				CLANG_ENABLE_OBJC_WEAK = YES;
				CLANG_WARN_BLOCK_CAPTURE_AUTORELEASING = YES;
				CLANG_WARN_BOOL_CONVERSION = YES;
				CLANG_WARN_COMMA = YES;
				CLANG_WARN_CONSTANT_CONVERSION = YES;
				CLANG_WARN_DEPRECATED_OBJC_IMPLEMENTATIONS = YES;
				CLANG_WARN_DIRECT_OBJC_ISA_USAGE = YES_ERROR;
				CLANG_WARN_DOCUMENTATION_COMMENTS = YES;
				CLANG_WARN_EMPTY_BODY = YES;
				CLANG_WARN_ENUM_CONVERSION = YES;
				CLANG_WARN_INFINITE_RECURSION = YES;
				CLANG_WARN_INT_CONVERSION = YES;
				CLANG_WARN_NON_LITERAL_NULL_CONVERSION = YES;
				CLANG_WARN_OBJC_IMPLICIT_RETAIN_SELF = YES;
				CLANG_WARN_OBJC_LITERAL_CONVERSION = YES;
				CLANG_WARN_OBJC_ROOT_CLASS = YES_ERROR;
				CLANG_WARN_RANGE_LOOP_ANALYSIS = YES;
				CLANG_WARN_STRICT_PROTOTYPES = YES;
				CLANG_WARN_SUSPICIOUS_MOVE = YES;
				CLANG_WARN_UNGUARDED_AVAILABILITY = YES_AGGRESSIVE;
				CLANG_WARN_UNREACHABLE_CODE = YES;
				CLANG_WARN__DUPLICATE_METHOD_MATCH = YES;
				COPY_PHASE_STRIP = NO;
				DEBUG_INFORMATION_FORMAT = dwarf;
				ENABLE_STRICT_OBJC_MSGSEND = YES;
				ENABLE_TESTABILITY = YES;
				GCC_C_LANGUAGE_STANDARD = gnu11;
				GCC_DYNAMIC_NO_PIC = NO;
				GCC_NO_COMMON_BLOCKS = YES;
				GCC_OPTIMIZATION_LEVEL = 0;
				GCC_PREPROCESSOR_DEFINITIONS = (
					"DEBUG=1",
					"$(inherited)",
				);
				GCC_WARN_64_TO_32_BIT_CONVERSION = YES;
				GCC_WARN_ABOUT_RETURN_TYPE = YES_ERROR;
				GCC_WARN_UNDECLARED_SELECTOR = YES;
				GCC_WARN_UNINITIALIZED_AUTOS = YES_AGGRESSIVE;
				GCC_WARN_UNUSED_FUNCTION = YES;
				GCC_WARN_UNUSED_VARIABLE = YES;
				IPHONEOS_DEPLOYMENT_TARGET = 13.2;
				MTL_ENABLE_DEBUG_INFO = INCLUDE_SOURCE;
				MTL_FAST_MATH = YES;
				ONLY_ACTIVE_ARCH = YES;
				SDKROOT = iphoneos;
				SWIFT_ACTIVE_COMPILATION_CONDITIONS = DEBUG;
				SWIFT_OPTIMIZATION_LEVEL = "-Onone";
			};
			name = Debug;
		};
		C95B288F23AB26560040380B /* Release */ = {
			isa = XCBuildConfiguration;
			buildSettings = {
				ALWAYS_SEARCH_USER_PATHS = NO;
				CLANG_ANALYZER_NONNULL = YES;
				CLANG_ANALYZER_NUMBER_OBJECT_CONVERSION = YES_AGGRESSIVE;
				CLANG_CXX_LANGUAGE_STANDARD = "gnu++14";
				CLANG_CXX_LIBRARY = "libc++";
				CLANG_ENABLE_MODULES = YES;
				CLANG_ENABLE_OBJC_ARC = YES;
				CLANG_ENABLE_OBJC_WEAK = YES;
				CLANG_WARN_BLOCK_CAPTURE_AUTORELEASING = YES;
				CLANG_WARN_BOOL_CONVERSION = YES;
				CLANG_WARN_COMMA = YES;
				CLANG_WARN_CONSTANT_CONVERSION = YES;
				CLANG_WARN_DEPRECATED_OBJC_IMPLEMENTATIONS = YES;
				CLANG_WARN_DIRECT_OBJC_ISA_USAGE = YES_ERROR;
				CLANG_WARN_DOCUMENTATION_COMMENTS = YES;
				CLANG_WARN_EMPTY_BODY = YES;
				CLANG_WARN_ENUM_CONVERSION = YES;
				CLANG_WARN_INFINITE_RECURSION = YES;
				CLANG_WARN_INT_CONVERSION = YES;
				CLANG_WARN_NON_LITERAL_NULL_CONVERSION = YES;
				CLANG_WARN_OBJC_IMPLICIT_RETAIN_SELF = YES;
				CLANG_WARN_OBJC_LITERAL_CONVERSION = YES;
				CLANG_WARN_OBJC_ROOT_CLASS = YES_ERROR;
				CLANG_WARN_RANGE_LOOP_ANALYSIS = YES;
				CLANG_WARN_STRICT_PROTOTYPES = YES;
				CLANG_WARN_SUSPICIOUS_MOVE = YES;
				CLANG_WARN_UNGUARDED_AVAILABILITY = YES_AGGRESSIVE;
				CLANG_WARN_UNREACHABLE_CODE = YES;
				CLANG_WARN__DUPLICATE_METHOD_MATCH = YES;
				COPY_PHASE_STRIP = NO;
				DEBUG_INFORMATION_FORMAT = "dwarf-with-dsym";
				ENABLE_NS_ASSERTIONS = NO;
				ENABLE_STRICT_OBJC_MSGSEND = YES;
				GCC_C_LANGUAGE_STANDARD = gnu11;
				GCC_NO_COMMON_BLOCKS = YES;
				GCC_WARN_64_TO_32_BIT_CONVERSION = YES;
				GCC_WARN_ABOUT_RETURN_TYPE = YES_ERROR;
				GCC_WARN_UNDECLARED_SELECTOR = YES;
				GCC_WARN_UNINITIALIZED_AUTOS = YES_AGGRESSIVE;
				GCC_WARN_UNUSED_FUNCTION = YES;
				GCC_WARN_UNUSED_VARIABLE = YES;
				IPHONEOS_DEPLOYMENT_TARGET = 13.2;
				MTL_ENABLE_DEBUG_INFO = NO;
				MTL_FAST_MATH = YES;
				SDKROOT = iphoneos;
				SWIFT_COMPILATION_MODE = wholemodule;
				SWIFT_OPTIMIZATION_LEVEL = "-O";
				VALIDATE_PRODUCT = YES;
			};
			name = Release;
		};
		C95B289123AB26560040380B /* Debug */ = {
			isa = XCBuildConfiguration;
			buildSettings = {
				ASSETCATALOG_COMPILER_APPICON_NAME = AppIcon;
				CODE_SIGN_STYLE = Automatic;
				DEVELOPMENT_ASSET_PATHS = "\"SymmetricalGuacamole/Preview Content\"";
				DEVELOPMENT_TEAM = ZN48NS8HAP;
				ENABLE_PREVIEWS = YES;
				INFOPLIST_FILE = SymmetricalGuacamole/Info.plist;
				LD_RUNPATH_SEARCH_PATHS = (
					"$(inherited)",
					"@executable_path/Frameworks",
				);
				PRODUCT_BUNDLE_IDENTIFIER = sh.mcan.SymmetricalGuacamole;
				PRODUCT_NAME = Guacamole;
				SWIFT_VERSION = 5.0;
				TARGETED_DEVICE_FAMILY = "1,2";
			};
			name = Debug;
		};
		C95B289223AB26560040380B /* Release */ = {
			isa = XCBuildConfiguration;
			buildSettings = {
				ASSETCATALOG_COMPILER_APPICON_NAME = AppIcon;
				CODE_SIGN_STYLE = Automatic;
				DEVELOPMENT_ASSET_PATHS = "\"SymmetricalGuacamole/Preview Content\"";
				DEVELOPMENT_TEAM = ZN48NS8HAP;
				ENABLE_PREVIEWS = YES;
				INFOPLIST_FILE = SymmetricalGuacamole/Info.plist;
				LD_RUNPATH_SEARCH_PATHS = (
					"$(inherited)",
					"@executable_path/Frameworks",
				);
				PRODUCT_BUNDLE_IDENTIFIER = sh.mcan.SymmetricalGuacamole;
				PRODUCT_NAME = Guacamole;
				SWIFT_VERSION = 5.0;
				TARGETED_DEVICE_FAMILY = "1,2";
			};
			name = Release;
		};
		C95B289423AB26560040380B /* Debug */ = {
			isa = XCBuildConfiguration;
			buildSettings = {
				ALWAYS_EMBED_SWIFT_STANDARD_LIBRARIES = YES;
				BUNDLE_LOADER = "$(TEST_HOST)";
				CODE_SIGN_STYLE = Automatic;
				DEVELOPMENT_TEAM = ZN48NS8HAP;
				INFOPLIST_FILE = SymmetricalGuacamoleTests/Info.plist;
				IPHONEOS_DEPLOYMENT_TARGET = 13.2;
				LD_RUNPATH_SEARCH_PATHS = (
					"$(inherited)",
					"@executable_path/Frameworks",
					"@loader_path/Frameworks",
				);
				PRODUCT_BUNDLE_IDENTIFIER = sh.mcan.SymmetricalGuacamoleTests;
				PRODUCT_NAME = "$(TARGET_NAME)";
				SWIFT_VERSION = 5.0;
				TARGETED_DEVICE_FAMILY = "1,2";
				TEST_HOST = "$(BUILT_PRODUCTS_DIR)/SymmetricalGuacamole.app/SymmetricalGuacamole";
			};
			name = Debug;
		};
		C95B289523AB26560040380B /* Release */ = {
			isa = XCBuildConfiguration;
			buildSettings = {
				ALWAYS_EMBED_SWIFT_STANDARD_LIBRARIES = YES;
				BUNDLE_LOADER = "$(TEST_HOST)";
				CODE_SIGN_STYLE = Automatic;
				DEVELOPMENT_TEAM = ZN48NS8HAP;
				INFOPLIST_FILE = SymmetricalGuacamoleTests/Info.plist;
				IPHONEOS_DEPLOYMENT_TARGET = 13.2;
				LD_RUNPATH_SEARCH_PATHS = (
					"$(inherited)",
					"@executable_path/Frameworks",
					"@loader_path/Frameworks",
				);
				PRODUCT_BUNDLE_IDENTIFIER = sh.mcan.SymmetricalGuacamoleTests;
				PRODUCT_NAME = "$(TARGET_NAME)";
				SWIFT_VERSION = 5.0;
				TARGETED_DEVICE_FAMILY = "1,2";
				TEST_HOST = "$(BUILT_PRODUCTS_DIR)/SymmetricalGuacamole.app/SymmetricalGuacamole";
			};
			name = Release;
		};
		C95B289723AB26560040380B /* Debug */ = {
			isa = XCBuildConfiguration;
			buildSettings = {
				ALWAYS_EMBED_SWIFT_STANDARD_LIBRARIES = YES;
				CODE_SIGN_STYLE = Automatic;
				DEVELOPMENT_TEAM = ZN48NS8HAP;
				INFOPLIST_FILE = SymmetricalGuacamoleUITests/Info.plist;
				LD_RUNPATH_SEARCH_PATHS = (
					"$(inherited)",
					"@executable_path/Frameworks",
					"@loader_path/Frameworks",
				);
				PRODUCT_BUNDLE_IDENTIFIER = sh.mcan.SymmetricalGuacamoleUITests;
				PRODUCT_NAME = "$(TARGET_NAME)";
				SWIFT_VERSION = 5.0;
				TARGETED_DEVICE_FAMILY = "1,2";
				TEST_TARGET_NAME = SymmetricalGuacamole;
			};
			name = Debug;
		};
		C95B289823AB26560040380B /* Release */ = {
			isa = XCBuildConfiguration;
			buildSettings = {
				ALWAYS_EMBED_SWIFT_STANDARD_LIBRARIES = YES;
				CODE_SIGN_STYLE = Automatic;
				DEVELOPMENT_TEAM = ZN48NS8HAP;
				INFOPLIST_FILE = SymmetricalGuacamoleUITests/Info.plist;
				LD_RUNPATH_SEARCH_PATHS = (
					"$(inherited)",
					"@executable_path/Frameworks",
					"@loader_path/Frameworks",
				);
				PRODUCT_BUNDLE_IDENTIFIER = sh.mcan.SymmetricalGuacamoleUITests;
				PRODUCT_NAME = "$(TARGET_NAME)";
				SWIFT_VERSION = 5.0;
				TARGETED_DEVICE_FAMILY = "1,2";
				TEST_TARGET_NAME = SymmetricalGuacamole;
			};
			name = Release;
		};
/* End XCBuildConfiguration section */

/* Begin XCConfigurationList section */
		C95B286123AB26560040380B /* Build configuration list for PBXProject "SymmetricalGuacamole" */ = {
			isa = XCConfigurationList;
			buildConfigurations = (
				C95B288E23AB26560040380B /* Debug */,
				C95B288F23AB26560040380B /* Release */,
			);
			defaultConfigurationIsVisible = 0;
			defaultConfigurationName = Release;
		};
		C95B289023AB26560040380B /* Build configuration list for PBXNativeTarget "SymmetricalGuacamole" */ = {
			isa = XCConfigurationList;
			buildConfigurations = (
				C95B289123AB26560040380B /* Debug */,
				C95B289223AB26560040380B /* Release */,
			);
			defaultConfigurationIsVisible = 0;
			defaultConfigurationName = Release;
		};
		C95B289323AB26560040380B /* Build configuration list for PBXNativeTarget "SymmetricalGuacamoleTests" */ = {
			isa = XCConfigurationList;
			buildConfigurations = (
				C95B289423AB26560040380B /* Debug */,
				C95B289523AB26560040380B /* Release */,
			);
			defaultConfigurationIsVisible = 0;
			defaultConfigurationName = Release;
		};
		C95B289623AB26560040380B /* Build configuration list for PBXNativeTarget "SymmetricalGuacamoleUITests" */ = {
			isa = XCConfigurationList;
			buildConfigurations = (
				C95B289723AB26560040380B /* Debug */,
				C95B289823AB26560040380B /* Release */,
			);
			defaultConfigurationIsVisible = 0;
			defaultConfigurationName = Release;
		};
/* End XCConfigurationList section */

/* Begin XCRemoteSwiftPackageReference section */
		C9E7DC2223AD1FF600101D16 /* XCRemoteSwiftPackageReference "SDWebImageSwiftUI" */ = {
			isa = XCRemoteSwiftPackageReference;
			repositoryURL = "https://github.com/SDWebImage/SDWebImageSwiftUI";
			requirement = {
				kind = upToNextMajorVersion;
				minimumVersion = 0.10.0;
			};
		};
		C9E7DC2523AD24BB00101D16 /* XCRemoteSwiftPackageReference "WaterfallGrid" */ = {
			isa = XCRemoteSwiftPackageReference;
			repositoryURL = "https://github.com/paololeonardi/WaterfallGrid";
			requirement = {
				kind = upToNextMajorVersion;
				minimumVersion = 0.3.2;
			};
		};
/* End XCRemoteSwiftPackageReference section */

/* Begin XCSwiftPackageProductDependency section */
		C9E7DC2323AD1FF600101D16 /* SDWebImageSwiftUI */ = {
			isa = XCSwiftPackageProductDependency;
			package = C9E7DC2223AD1FF600101D16 /* XCRemoteSwiftPackageReference "SDWebImageSwiftUI" */;
			productName = SDWebImageSwiftUI;
		};
		C9E7DC2623AD24BB00101D16 /* WaterfallGrid */ = {
			isa = XCSwiftPackageProductDependency;
			package = C9E7DC2523AD24BB00101D16 /* XCRemoteSwiftPackageReference "WaterfallGrid" */;
			productName = WaterfallGrid;
		};
/* End XCSwiftPackageProductDependency section */
	};
	rootObject = C95B285E23AB26560040380B /* Project object */;
}
